{
  "lockfileVersion": 1,
  "workspaces": {
    "": {
      "name": "@elizaos/plugin-bootstrap",
      "dependencies": {
        "bun": "^1.2.21",
      },
      "devDependencies": {
        "@types/bun": "^1.2.21",
        "@types/node": "^22.15.3",
        "prettier": "3.5.3",
        "typescript": "5.8.2",
        "zod": "^3.22.4",
      },
      "peerDependencies": {
        "whatwg-url": "7.1.0",
      },
    },
  },
  "packages": {
    "@oven/bun-darwin-aarch64": ["@oven/bun-darwin-aarch64@1.2.23", "", { "os": "darwin", "cpu": "arm64" }, "sha512-8ARgq0GDtrYwb8ge9F5xpdZ6q9IxIugeBtdbrVVmWAEuyOlOhzYt/+7gm7xcVZlPmjYmx3D/31bKXJ49mxWI4w=="],

    "@oven/bun-darwin-x64": ["@oven/bun-darwin-x64@1.2.23", "", { "os": "darwin", "cpu": "x64" }, "sha512-kjXMapxWTdcxLKe05ftgg6B9kiEYzXXtIBNl7ZOiIeUJnATN+gVI+WQWIgcRGiF8L8oNL+2lrAgCz+xmIPrzEw=="],

    "@oven/bun-darwin-x64-baseline": ["@oven/bun-darwin-x64-baseline@1.2.23", "", { "os": "darwin", "cpu": "x64" }, "sha512-7q9og6pCy/ubxv4NZWAbKq7670KZz2jy7qdblliLdbeYLVCabs0VuRJH8bJ5IAYPNepvN9yCJ2Apvs5W4YSSMw=="],

    "@oven/bun-linux-aarch64": ["@oven/bun-linux-aarch64@1.2.23", "", { "os": "linux", "cpu": "arm64" }, "sha512-Idfp2pjnuPVPh+H4xQKbfKIN9VJ6N4noK2mW/NE4kLhtiPtOHc5DhSqLh16qkH8UqeI+nusYgbveYCOCCzpdLg=="],

    "@oven/bun-linux-aarch64-musl": ["@oven/bun-linux-aarch64-musl@1.2.23", "", { "os": "linux", "cpu": "arm64" }, "sha512-Pq/b/BJT6eBdWMiRA2mrhu/E98hiiNN0/F5F0lGHYQS4Zr8+hp2L2dyy8WWiUr3B1so9NqMzIIoLZNDQwKsFiA=="],

    "@oven/bun-linux-x64": ["@oven/bun-linux-x64@1.2.23", "", { "os": "linux", "cpu": "x64" }, "sha512-Ts3KLSdhr/iTwiRBtkyOvn78eOStPaSvuMXjdiPNHbloGP4f5KE14ZtE1qYJWlAJkTAejxd9EcZibi/hSsWDcg=="],

    "@oven/bun-linux-x64-baseline": ["@oven/bun-linux-x64-baseline@1.2.23", "", { "os": "linux", "cpu": "x64" }, "sha512-xfvC523YuExjS6KY8O/WbMe1NrRdtMBn3kh00N9fqphYmCYJIBxfXc9nb6wMtYAKGZXAGsPMvuCeBJR8IhVP+A=="],

    "@oven/bun-linux-x64-musl": ["@oven/bun-linux-x64-musl@1.2.23", "", { "os": "linux", "cpu": "x64" }, "sha512-hhBI4F4LXaZfXXvPB/2TMxyRx20rHVBPXn/V9RxKrQm5wNuz1Z5rKLK/in77oIobiiPWSGD//kqAkByv08+oZA=="],

    "@oven/bun-linux-x64-musl-baseline": ["@oven/bun-linux-x64-musl-baseline@1.2.23", "", { "os": "linux", "cpu": "x64" }, "sha512-642OUlVx0VMrUrlnSTK/4Ab58drhCYvOCzokJ0t1L3yyVrgthceB6yvqDp/j6HJxhwKfaoiI3T6Fv9ffKY/u4A=="],

    "@oven/bun-windows-x64": ["@oven/bun-windows-x64@1.2.23", "", { "os": "win32", "cpu": "x64" }, "sha512-pLcwfFiL77QYDNeiS6PPRCTmhbIrNJmjpsEm8jQVei1gOrV91Exl49taCmtMK1tDBD3jAbLcFtVNYBcpaB8utA=="],

    "@oven/bun-windows-x64-baseline": ["@oven/bun-windows-x64-baseline@1.2.23", "", { "os": "win32", "cpu": "x64" }, "sha512-Gq2lKw1ROjPbw+7Kc1P4ROifpD3CuIuBuQMytGvShqmad9vLYVRSGyKMYtFiBz+Xr4dfF9KYOEOu1kv3EdnjZw=="],

    "@types/bun": ["@types/bun@1.2.23", "", { "dependencies": { "bun-types": "1.2.23" } }, "sha512-le8ueOY5b6VKYf19xT3McVbXqLqmxzPXHsQT/q9JHgikJ2X22wyTW3g3ohz2ZMnp7dod6aduIiq8A14Xyimm0A=="],

    "@types/node": ["@types/node@22.18.8", "", { "dependencies": { "undici-types": "~6.21.0" } }, "sha512-pAZSHMiagDR7cARo/cch1f3rXy0AEXwsVsVH09FcyeJVAzCnGgmYis7P3JidtTUjyadhTeSo8TgRPswstghDaw=="],

    "@types/react": ["@types/react@19.1.16", "", { "dependencies": { "csstype": "^3.0.2" } }, "sha512-WBM/nDbEZmDUORKnh5i1bTnAz6vTohUf9b8esSMu+b24+srbaxa04UbJgWx78CVfNXA20sNu0odEIluZDFdCog=="],

    "bun": ["bun@1.2.23", "", { "optionalDependencies": { "@oven/bun-darwin-aarch64": "1.2.23", "@oven/bun-darwin-x64": "1.2.23", "@oven/bun-darwin-x64-baseline": "1.2.23", "@oven/bun-linux-aarch64": "1.2.23", "@oven/bun-linux-aarch64-musl": "1.2.23", "@oven/bun-linux-x64": "1.2.23", "@oven/bun-linux-x64-baseline": "1.2.23", "@oven/bun-linux-x64-musl": "1.2.23", "@oven/bun-linux-x64-musl-baseline": "1.2.23", "@oven/bun-windows-x64": "1.2.23", "@oven/bun-windows-x64-baseline": "1.2.23" }, "os": [ "linux", "win32", "darwin", ], "cpu": [ "x64", "arm64", ], "bin": { "bun": "bin/bun.exe", "bunx": "bin/bunx.exe" } }, "sha512-7dXwfbuEpenPMQlwKb9rDLo22OfCEYCQjvkWRQz8IkWzEd5zRk/goMXtEGnNeK9FqxBfLXOYolEro8IJ1JQh9w=="],

    "bun-types": ["bun-types@1.2.23", "", { "dependencies": { "@types/node": "*" }, "peerDependencies": { "@types/react": "^19" } }, "sha512-R9f0hKAZXgFU3mlrA0YpE/fiDvwV0FT9rORApt2aQVWSuJDzZOyB5QLc0N/4HF57CS8IXJ6+L5E4W1bW6NS2Aw=="],

    "csstype": ["csstype@3.1.3", "", {}, "sha512-M1uQkMl8rQK/szD0LNhtqxIPLpimGm8sOBwU7lLnCpSbTyY3yeU1Vc7l4KT5zT4s/yOxHH5O7tIuuLOCnLADRw=="],

    "lodash.sortby": ["lodash.sortby@4.7.0", "", {}, "sha512-HDWXG8isMntAyRF5vZ7xKuEvOhT4AhlRt/3czTSjvGUxjYCBVRQY48ViDHyfYz9VIoBkW4TMGQNapx+l3RUwdA=="],

    "prettier": ["prettier@3.5.3", "", { "bin": { "prettier": "bin/prettier.cjs" } }, "sha512-QQtaxnoDJeAkDvDKWCLiwIXkTgRhwYDEQCghU9Z6q03iyek/rxRh/2lC3HB7P8sWT2xC/y5JDctPLBIGzHKbhw=="],

    "punycode": ["punycode@2.3.1", "", {}, "sha512-vYt7UD1U9Wg6138shLtLOvdAu+8DsC/ilFtEVHcH+wydcSpNE20AfSOduf6MkRFahL5FY7X1oU7nKVZFtfq8Fg=="],

    "tr46": ["tr46@1.0.1", "", { "dependencies": { "punycode": "^2.1.0" } }, "sha512-dTpowEjclQ7Kgx5SdBkqRzVhERQXov8/l9Ft9dVM9fmg0W0KQSVaXX9T4i6twCPNtYiZM53lpSSUAwJbFPOHxA=="],

    "typescript": ["typescript@5.8.2", "", { "bin": { "tsc": "bin/tsc", "tsserver": "bin/tsserver" } }, "sha512-aJn6wq13/afZp/jT9QZmwEjDqqvSGp1VT5GVg+f/t6/oVyrgXM6BY1h9BRh/O5p3PlUPAe+WuiEZOmb/49RqoQ=="],

    "undici-types": ["undici-types@6.21.0", "", {}, "sha512-iwDZqg0QAGrg9Rav5H4n0M64c3mkR59cJ6wQp+7C4nI0gsmExaedaYLNO44eT4AtBBwjbTiGPMlt2Md0T9H9JQ=="],

    "webidl-conversions": ["webidl-conversions@4.0.2", "", {}, "sha512-YQ+BmxuTgd6UXZW3+ICGfyqRyHXVlD5GtQr5+qjiNW7bF0cqrzX500HVXPBOvgXb5YnzDd+h0zqyv61KUD7+Sg=="],

    "whatwg-url": ["whatwg-url@7.1.0", "", { "dependencies": { "lodash.sortby": "^4.7.0", "tr46": "^1.0.1", "webidl-conversions": "^4.0.2" } }, "sha512-WUu7Rg1DroM7oQvGWfOiAK21n74Gg+T4elXEQYkOhtyLeWiJFoOGLXPKI/9gzIie9CtwVLm8wtw6YJdKyxSjeg=="],

    "zod": ["zod@3.25.76", "", {}, "sha512-gzUt/qt81nXsFGKIFcC3YnfEAx5NkunCfnDlvuBSSFS02bcXu4Lmea0AFIUwbLWxWPx3d9p8S5QoaujKcNQxcQ=="],
  }
}
